hash: 3d28d4cb05a822f061c6bccb4701bc8dc9baf7efbb1fae8850aec83d943a46eb
updated: 2017-12-22T15:34:29.278978193Z
imports:
- name: github.com/jmoiron/sqlx
  version: 3379e5993990b1f927fc8db926485e6f6becf2d2
  subpackages:
  - reflectx
- name: github.com/lib/pq
  version: 8c6ee72f3e6bcb1542298dd5f76cb74af9742cec
testImports: []
