hash: 998acf7a8f0a52230acce34f3f23df15c0fd8b89baba2277e289941f7fe8d0cb
updated: 2017-12-24T11:51:32.088044604+01:00
imports:
- name: github.com/lib/pq
  version: 83612a56d3dd153a94a629cd64925371c9adad78
  subpackages:
  - oid
- name: github.com/pkg/errors
  version: 645ef00459ed84a119197bfb8d8205042c6df63d
testImports: []
