hash: 31d4c508c311431462757fa4791b763736b6ae0c0fd5cb0a1becdb48019c7849
updated: 2017-12-27T15:32:57.450263251Z
imports:
- name: github.com/lib/pq
  version: 8c6ee72f3e6bcb1542298dd5f76cb74af9742cec
  subpackages:
  - oid
- name: github.com/pkg/errors
  version: 645ef00459ed84a119197bfb8d8205042c6df63d
testImports: []
